// !$*UTF8*$!
{
	archiveVersion = 1;
	classes = {
	};
	objectVersion = 48;
	objects = {

/* Begin PBXBuildFile section */
		1DD2309940C7DDEFB7D7CF91 /* libPods-StartWarsAPI.a in Frameworks */ = {isa = PBXBuildFile; fileRef = 76B8118EC03270ED13FCAC64 /* libPods-StartWarsAPI.a */; };
		9A48616B1FB3D7A60092AEA6 /* AppDelegate.m in Sources */ = {isa = PBXBuildFile; fileRef = 9A48616A1FB3D7A60092AEA6 /* AppDelegate.m */; };
		9A48616E1FB3D7A60092AEA6 /* ViewController.m in Sources */ = {isa = PBXBuildFile; fileRef = 9A48616D1FB3D7A60092AEA6 /* ViewController.m */; };
		9A4861711FB3D7A70092AEA6 /* Main.storyboard in Resources */ = {isa = PBXBuildFile; fileRef = 9A48616F1FB3D7A70092AEA6 /* Main.storyboard */; };
		9A4861741FB3D7A70092AEA6 /* StartWarsAPI.xcdatamodeld in Sources */ = {isa = PBXBuildFile; fileRef = 9A4861721FB3D7A70092AEA6 /* StartWarsAPI.xcdatamodeld */; };
		9A4861761FB3D7A70092AEA6 /* Assets.xcassets in Resources */ = {isa = PBXBuildFile; fileRef = 9A4861751FB3D7A70092AEA6 /* Assets.xcassets */; };
		9A4861791FB3D7A70092AEA6 /* LaunchScreen.storyboard in Resources */ = {isa = PBXBuildFile; fileRef = 9A4861771FB3D7A70092AEA6 /* LaunchScreen.storyboard */; };
		9A48617C1FB3D7A70092AEA6 /* main.m in Sources */ = {isa = PBXBuildFile; fileRef = 9A48617B1FB3D7A70092AEA6 /* main.m */; };
		9A4861851FB3D8BB0092AEA6 /* Podfile in Resources */ = {isa = PBXBuildFile; fileRef = 9A4861841FB3D8BB0092AEA6 /* Podfile */; };
		9A48618E1FB3DB3B0092AEA6 /* WebServices.m in Sources */ = {isa = PBXBuildFile; fileRef = 9A48618D1FB3DB3B0092AEA6 /* WebServices.m */; };
/* End PBXBuildFile section */

/* Begin PBXFileReference section */
		042DFB78C5CAB05232BAD28F /* Pods-StartWarsAPI.debug.xcconfig */ = {isa = PBXFileReference; includeInIndex = 1; lastKnownFileType = text.xcconfig; name = "Pods-StartWarsAPI.debug.xcconfig"; path = "Pods/Target Support Files/Pods-StartWarsAPI/Pods-StartWarsAPI.debug.xcconfig"; sourceTree = "<group>"; };
		76B8118EC03270ED13FCAC64 /* libPods-StartWarsAPI.a */ = {isa = PBXFileReference; explicitFileType = archive.ar; includeInIndex = 0; path = "libPods-StartWarsAPI.a"; sourceTree = BUILT_PRODUCTS_DIR; };
		9A4861661FB3D7A60092AEA6 /* StartWarsAPI.app */ = {isa = PBXFileReference; explicitFileType = wrapper.application; includeInIndex = 0; path = StartWarsAPI.app; sourceTree = BUILT_PRODUCTS_DIR; };
		9A4861691FB3D7A60092AEA6 /* AppDelegate.h */ = {isa = PBXFileReference; lastKnownFileType = sourcecode.c.h; path = AppDelegate.h; sourceTree = "<group>"; };
		9A48616A1FB3D7A60092AEA6 /* AppDelegate.m */ = {isa = PBXFileReference; lastKnownFileType = sourcecode.c.objc; path = AppDelegate.m; sourceTree = "<group>"; };
		9A48616C1FB3D7A60092AEA6 /* ViewController.h */ = {isa = PBXFileReference; lastKnownFileType = sourcecode.c.h; path = ViewController.h; sourceTree = "<group>"; };
		9A48616D1FB3D7A60092AEA6 /* ViewController.m */ = {isa = PBXFileReference; lastKnownFileType = sourcecode.c.objc; path = ViewController.m; sourceTree = "<group>"; };
		9A4861701FB3D7A70092AEA6 /* Base */ = {isa = PBXFileReference; lastKnownFileType = file.storyboard; name = Base; path = Base.lproj/Main.storyboard; sourceTree = "<group>"; };
		9A4861731FB3D7A70092AEA6 /* StartWarsAPI.xcdatamodel */ = {isa = PBXFileReference; lastKnownFileType = wrapper.xcdatamodel; path = StartWarsAPI.xcdatamodel; sourceTree = "<group>"; };
		9A4861751FB3D7A70092AEA6 /* Assets.xcassets */ = {isa = PBXFileReference; lastKnownFileType = folder.assetcatalog; path = Assets.xcassets; sourceTree = "<group>"; };
		9A4861781FB3D7A70092AEA6 /* Base */ = {isa = PBXFileReference; lastKnownFileType = file.storyboard; name = Base; path = Base.lproj/LaunchScreen.storyboard; sourceTree = "<group>"; };
		9A48617A1FB3D7A70092AEA6 /* Info.plist */ = {isa = PBXFileReference; lastKnownFileType = text.plist.xml; path = Info.plist; sourceTree = "<group>"; };
		9A48617B1FB3D7A70092AEA6 /* main.m */ = {isa = PBXFileReference; lastKnownFileType = sourcecode.c.objc; path = main.m; sourceTree = "<group>"; };
		9A4861841FB3D8BB0092AEA6 /* Podfile */ = {isa = PBXFileReference; lastKnownFileType = text; path = Podfile; sourceTree = "<group>"; };
		9A4861881FB3D95A0092AEA6 /* constants.h */ = {isa = PBXFileReference; lastKnownFileType = sourcecode.c.h; path = constants.h; sourceTree = "<group>"; };
		9A48618C1FB3DB3B0092AEA6 /* WebServices.h */ = {isa = PBXFileReference; lastKnownFileType = sourcecode.c.h; path = WebServices.h; sourceTree = "<group>"; };
		9A48618D1FB3DB3B0092AEA6 /* WebServices.m */ = {isa = PBXFileReference; lastKnownFileType = sourcecode.c.objc; path = WebServices.m; sourceTree = "<group>"; };
		E7B4719D6D3EC5EB9216B00E /* Pods-StartWarsAPI.release.xcconfig */ = {isa = PBXFileReference; includeInIndex = 1; lastKnownFileType = text.xcconfig; name = "Pods-StartWarsAPI.release.xcconfig"; path = "Pods/Target Support Files/Pods-StartWarsAPI/Pods-StartWarsAPI.release.xcconfig"; sourceTree = "<group>"; };
/* End PBXFileReference section */

/* Begin PBXFrameworksBuildPhase section */
		9A4861631FB3D7A60092AEA6 /* Frameworks */ = {
			isa = PBXFrameworksBuildPhase;
			buildActionMask = 2147483647;
			files = (
				1DD2309940C7DDEFB7D7CF91 /* libPods-StartWarsAPI.a in Frameworks */,
			);
			runOnlyForDeploymentPostprocessing = 0;
		};
/* End PBXFrameworksBuildPhase section */

/* Begin PBXGroup section */
		30708F9BF62CCA264283F1BD /* Frameworks */ = {
			isa = PBXGroup;
			children = (
				76B8118EC03270ED13FCAC64 /* libPods-StartWarsAPI.a */,
			);
			name = Frameworks;
			sourceTree = "<group>";
		};
		8D589D86799644637EB9AD83 /* Pods */ = {
			isa = PBXGroup;
			children = (
				042DFB78C5CAB05232BAD28F /* Pods-StartWarsAPI.debug.xcconfig */,
				E7B4719D6D3EC5EB9216B00E /* Pods-StartWarsAPI.release.xcconfig */,
			);
			name = Pods;
			sourceTree = "<group>";
		};
		9A48615D1FB3D7A60092AEA6 = {
			isa = PBXGroup;
			children = (
				9A4861841FB3D8BB0092AEA6 /* Podfile */,
				9A4861681FB3D7A60092AEA6 /* StartWarsAPI */,
				9A4861671FB3D7A60092AEA6 /* Products */,
				8D589D86799644637EB9AD83 /* Pods */,
				30708F9BF62CCA264283F1BD /* Frameworks */,
			);
			sourceTree = "<group>";
		};
		9A4861671FB3D7A60092AEA6 /* Products */ = {
			isa = PBXGroup;
			children = (
				9A4861661FB3D7A60092AEA6 /* StartWarsAPI.app */,
			);
			name = Products;
			sourceTree = "<group>";
		};
		9A4861681FB3D7A60092AEA6 /* StartWarsAPI */ = {
			isa = PBXGroup;
			children = (
				9A4861891FB3D9630092AEA6 /* Models */,
				9A4861871FB3D9260092AEA6 /* ws */,
				9A4861861FB3D91A0092AEA6 /* Helpers */,
				9A4861831FB3D7D70092AEA6 /* Main */,
				9A4861821FB3D7C30092AEA6 /* Controllers */,
				9A48616F1FB3D7A70092AEA6 /* Main.storyboard */,
				9A4861751FB3D7A70092AEA6 /* Assets.xcassets */,
				9A4861771FB3D7A70092AEA6 /* LaunchScreen.storyboard */,
				9A48617A1FB3D7A70092AEA6 /* Info.plist */,
				9A48617B1FB3D7A70092AEA6 /* main.m */,
				9A4861721FB3D7A70092AEA6 /* StartWarsAPI.xcdatamodeld */,
			);
			path = StartWarsAPI;
			sourceTree = "<group>";
		};
		9A4861821FB3D7C30092AEA6 /* Controllers */ = {
			isa = PBXGroup;
			children = (
				9A48616C1FB3D7A60092AEA6 /* ViewController.h */,
				9A48616D1FB3D7A60092AEA6 /* ViewController.m */,
			);
			path = Controllers;
			sourceTree = "<group>";
		};
		9A4861831FB3D7D70092AEA6 /* Main */ = {
			isa = PBXGroup;
			children = (
				9A4861691FB3D7A60092AEA6 /* AppDelegate.h */,
				9A48616A1FB3D7A60092AEA6 /* AppDelegate.m */,
			);
			path = Main;
			sourceTree = "<group>";
		};
		9A4861861FB3D91A0092AEA6 /* Helpers */ = {
			isa = PBXGroup;
			children = (
				9A4861881FB3D95A0092AEA6 /* constants.h */,
				9A48618C1FB3DB3B0092AEA6 /* WebServices.h */,
				9A48618D1FB3DB3B0092AEA6 /* WebServices.m */,
			);
			path = Helpers;
			sourceTree = "<group>";
		};
		9A4861871FB3D9260092AEA6 /* ws */ = {
			isa = PBXGroup;
			children = (
			);
			path = ws;
			sourceTree = "<group>";
		};
		9A4861891FB3D9630092AEA6 /* Models */ = {
			isa = PBXGroup;
			children = (
			);
			path = Models;
			sourceTree = "<group>";
		};
/* End PBXGroup section */

/* Begin PBXNativeTarget section */
		9A4861651FB3D7A60092AEA6 /* StartWarsAPI */ = {
			isa = PBXNativeTarget;
			buildConfigurationList = 9A48617F1FB3D7A70092AEA6 /* Build configuration list for PBXNativeTarget "StartWarsAPI" */;
			buildPhases = (
				A25BF64E62CF5A5E79688E72 /* [CP] Check Pods Manifest.lock */,
				9A4861621FB3D7A60092AEA6 /* Sources */,
				9A4861631FB3D7A60092AEA6 /* Frameworks */,
				9A4861641FB3D7A60092AEA6 /* Resources */,
				370A9ACC09D73CCBB3CBF84B /* [CP] Embed Pods Frameworks */,
				0EFF6D1FEBC940A2C46C0ED3 /* [CP] Copy Pods Resources */,
			);
			buildRules = (
			);
			dependencies = (
			);
			name = StartWarsAPI;
			productName = StartWarsAPI;
			productReference = 9A4861661FB3D7A60092AEA6 /* StartWarsAPI.app */;
			productType = "com.apple.product-type.application";
		};
/* End PBXNativeTarget section */

/* Begin PBXProject section */
		9A48615E1FB3D7A60092AEA6 /* Project object */ = {
			isa = PBXProject;
			attributes = {
				LastUpgradeCheck = 0910;
				ORGANIZATIONNAME = lybby26;
				TargetAttributes = {
					9A4861651FB3D7A60092AEA6 = {
						CreatedOnToolsVersion = 9.1;
						ProvisioningStyle = Automatic;
					};
				};
			};
			buildConfigurationList = 9A4861611FB3D7A60092AEA6 /* Build configuration list for PBXProject "StartWarsAPI" */;
			compatibilityVersion = "Xcode 8.0";
			developmentRegion = en;
			hasScannedForEncodings = 0;
			knownRegions = (
				en,
				Base,
			);
			mainGroup = 9A48615D1FB3D7A60092AEA6;
			productRefGroup = 9A4861671FB3D7A60092AEA6 /* Products */;
			projectDirPath = "";
			projectRoot = "";
			targets = (
				9A4861651FB3D7A60092AEA6 /* StartWarsAPI */,
			);
		};
/* End PBXProject section */

/* Begin PBXResourcesBuildPhase section */
		9A4861641FB3D7A60092AEA6 /* Resources */ = {
			isa = PBXResourcesBuildPhase;
			buildActionMask = 2147483647;
			files = (
				9A4861791FB3D7A70092AEA6 /* LaunchScreen.storyboard in Resources */,
				9A4861761FB3D7A70092AEA6 /* Assets.xcassets in Resources */,
				9A4861851FB3D8BB0092AEA6 /* Podfile in Resources */,
				9A4861711FB3D7A70092AEA6 /* Main.storyboard in Resources */,
			);
			runOnlyForDeploymentPostprocessing = 0;
		};
/* End PBXResourcesBuildPhase section */

/* Begin PBXShellScriptBuildPhase section */
		0EFF6D1FEBC940A2C46C0ED3 /* [CP] Copy Pods Resources */ = {
			isa = PBXShellScriptBuildPhase;
			buildActionMask = 2147483647;
			files = (
			);
			inputPaths = (
			);
			name = "[CP] Copy Pods Resources";
			outputPaths = (
			);
			runOnlyForDeploymentPostprocessing = 0;
			shellPath = /bin/sh;
			shellScript = "\"${SRCROOT}/Pods/Target Support Files/Pods-StartWarsAPI/Pods-StartWarsAPI-resources.sh\"\n";
			showEnvVarsInLog = 0;
		};
		370A9ACC09D73CCBB3CBF84B /* [CP] Embed Pods Frameworks */ = {
			isa = PBXShellScriptBuildPhase;
			buildActionMask = 2147483647;
			files = (
			);
			inputPaths = (
			);
			name = "[CP] Embed Pods Frameworks";
			outputPaths = (
			);
			runOnlyForDeploymentPostprocessing = 0;
			shellPath = /bin/sh;
			shellScript = "\"${SRCROOT}/Pods/Target Support Files/Pods-StartWarsAPI/Pods-StartWarsAPI-frameworks.sh\"\n";
			showEnvVarsInLog = 0;
		};
		A25BF64E62CF5A5E79688E72 /* [CP] Check Pods Manifest.lock */ = {
			isa = PBXShellScriptBuildPhase;
			buildActionMask = 2147483647;
			files = (
			);
			inputPaths = (
				"${PODS_PODFILE_DIR_PATH}/Podfile.lock",
				"${PODS_ROOT}/Manifest.lock",
			);
			name = "[CP] Check Pods Manifest.lock";
			outputPaths = (
				"$(DERIVED_FILE_DIR)/Pods-StartWarsAPI-checkManifestLockResult.txt",
			);
			runOnlyForDeploymentPostprocessing = 0;
			shellPath = /bin/sh;
			shellScript = "diff \"${PODS_PODFILE_DIR_PATH}/Podfile.lock\" \"${PODS_ROOT}/Manifest.lock\" > /dev/null\nif [ $? != 0 ] ; then\n    # print error to STDERR\n    echo \"error: The sandbox is not in sync with the Podfile.lock. Run 'pod install' or update your CocoaPods installation.\" >&2\n    exit 1\nfi\n# This output is used by Xcode 'outputs' to avoid re-running this script phase.\necho \"SUCCESS\" > \"${SCRIPT_OUTPUT_FILE_0}\"\n";
			showEnvVarsInLog = 0;
		};
/* End PBXShellScriptBuildPhase section */

/* Begin PBXSourcesBuildPhase section */
		9A4861621FB3D7A60092AEA6 /* Sources */ = {
			isa = PBXSourcesBuildPhase;
			buildActionMask = 2147483647;
			files = (
				9A48616E1FB3D7A60092AEA6 /* ViewController.m in Sources */,
				9A48618E1FB3DB3B0092AEA6 /* WebServices.m in Sources */,
				9A4861741FB3D7A70092AEA6 /* StartWarsAPI.xcdatamodeld in Sources */,
				9A48617C1FB3D7A70092AEA6 /* main.m in Sources */,
				9A48616B1FB3D7A60092AEA6 /* AppDelegate.m in Sources */,
			);
			runOnlyForDeploymentPostprocessing = 0;
		};
/* End PBXSourcesBuildPhase section */

/* Begin PBXVariantGroup section */
		9A48616F1FB3D7A70092AEA6 /* Main.storyboard */ = {
			isa = PBXVariantGroup;
			children = (
				9A4861701FB3D7A70092AEA6 /* Base */,
			);
			name = Main.storyboard;
			sourceTree = "<group>";
		};
		9A4861771FB3D7A70092AEA6 /* LaunchScreen.storyboard */ = {
			isa = PBXVariantGroup;
			children = (
				9A4861781FB3D7A70092AEA6 /* Base */,
			);
			name = LaunchScreen.storyboard;
			sourceTree = "<group>";
		};
/* End PBXVariantGroup section */

/* Begin XCBuildConfiguration section */
		9A48617D1FB3D7A70092AEA6 /* Debug */ = {
			isa = XCBuildConfiguration;
			buildSettings = {
				ALWAYS_SEARCH_USER_PATHS = NO;
				CLANG_ANALYZER_NONNULL = YES;
				CLANG_ANALYZER_NUMBER_OBJECT_CONVERSION = YES_AGGRESSIVE;
				CLANG_CXX_LANGUAGE_STANDARD = "gnu++14";
				CLANG_CXX_LIBRARY = "libc++";
				CLANG_ENABLE_MODULES = YES;
				CLANG_ENABLE_OBJC_ARC = YES;
				CLANG_WARN_BLOCK_CAPTURE_AUTORELEASING = YES;
				CLANG_WARN_BOOL_CONVERSION = YES;
				CLANG_WARN_COMMA = YES;
				CLANG_WARN_CONSTANT_CONVERSION = YES;
				CLANG_WARN_DIRECT_OBJC_ISA_USAGE = YES_ERROR;
				CLANG_WARN_DOCUMENTATION_COMMENTS = YES;
				CLANG_WARN_EMPTY_BODY = YES;
				CLANG_WARN_ENUM_CONVERSION = YES;
				CLANG_WARN_INFINITE_RECURSION = YES;
				CLANG_WARN_INT_CONVERSION = YES;
				CLANG_WARN_NON_LITERAL_NULL_CONVERSION = YES;
				CLANG_WARN_OBJC_LITERAL_CONVERSION = YES;
				CLANG_WARN_OBJC_ROOT_CLASS = YES_ERROR;
				CLANG_WARN_RANGE_LOOP_ANALYSIS = YES;
				CLANG_WARN_STRICT_PROTOTYPES = YES;
				CLANG_WARN_SUSPICIOUS_MOVE = YES;
				CLANG_WARN_UNGUARDED_AVAILABILITY = YES_AGGRESSIVE;
				CLANG_WARN_UNREACHABLE_CODE = YES;
				CLANG_WARN__DUPLICATE_METHOD_MATCH = YES;
				CODE_SIGN_IDENTITY = "iPhone Developer";
				COPY_PHASE_STRIP = NO;
				DEBUG_INFORMATION_FORMAT = dwarf;
				ENABLE_STRICT_OBJC_MSGSEND = YES;
				ENABLE_TESTABILITY = YES;
				GCC_C_LANGUAGE_STANDARD = gnu11;
				GCC_DYNAMIC_NO_PIC = NO;
				GCC_NO_COMMON_BLOCKS = YES;
				GCC_OPTIMIZATION_LEVEL = 0;
				GCC_PREPROCESSOR_DEFINITIONS = (
					"DEBUG=1",
					"$(inherited)",
				);
				GCC_WARN_64_TO_32_BIT_CONVERSION = YES;
				GCC_WARN_ABOUT_RETURN_TYPE = YES_ERROR;
				GCC_WARN_UNDECLARED_SELECTOR = YES;
				GCC_WARN_UNINITIALIZED_AUTOS = YES_AGGRESSIVE;
				GCC_WARN_UNUSED_FUNCTION = YES;
				GCC_WARN_UNUSED_VARIABLE = YES;
				IPHONEOS_DEPLOYMENT_TARGET = 11.1;
				MTL_ENABLE_DEBUG_INFO = YES;
				ONLY_ACTIVE_ARCH = YES;
				SDKROOT = iphoneos;
			};
			name = Debug;
		};
		9A48617E1FB3D7A70092AEA6 /* Release */ = {
			isa = XCBuildConfiguration;
			buildSettings = {
				ALWAYS_SEARCH_USER_PATHS = NO;
				CLANG_ANALYZER_NONNULL = YES;
				CLANG_ANALYZER_NUMBER_OBJECT_CONVERSION = YES_AGGRESSIVE;
				CLANG_CXX_LANGUAGE_STANDARD = "gnu++14";
				CLANG_CXX_LIBRARY = "libc++";
				CLANG_ENABLE_MODULES = YES;
				CLANG_ENABLE_OBJC_ARC = YES;
				CLANG_WARN_BLOCK_CAPTURE_AUTORELEASING = YES;
				CLANG_WARN_BOOL_CONVERSION = YES;
				CLANG_WARN_COMMA = YES;
				CLANG_WARN_CONSTANT_CONVERSION = YES;
				CLANG_WARN_DIRECT_OBJC_ISA_USAGE = YES_ERROR;
				CLANG_WARN_DOCUMENTATION_COMMENTS = YES;
				CLANG_WARN_EMPTY_BODY = YES;
				CLANG_WARN_ENUM_CONVERSION = YES;
				CLANG_WARN_INFINITE_RECURSION = YES;
				CLANG_WARN_INT_CONVERSION = YES;
				CLANG_WARN_NON_LITERAL_NULL_CONVERSION = YES;
				CLANG_WARN_OBJC_LITERAL_CONVERSION = YES;
				CLANG_WARN_OBJC_ROOT_CLASS = YES_ERROR;
				CLANG_WARN_RANGE_LOOP_ANALYSIS = YES;
				CLANG_WARN_STRICT_PROTOTYPES = YES;
				CLANG_WARN_SUSPICIOUS_MOVE = YES;
				CLANG_WARN_UNGUARDED_AVAILABILITY = YES_AGGRESSIVE;
				CLANG_WARN_UNREACHABLE_CODE = YES;
				CLANG_WARN__DUPLICATE_METHOD_MATCH = YES;
				CODE_SIGN_IDENTITY = "iPhone Developer";
				COPY_PHASE_STRIP = NO;
				DEBUG_INFORMATION_FORMAT = "dwarf-with-dsym";
				ENABLE_NS_ASSERTIONS = NO;
				ENABLE_STRICT_OBJC_MSGSEND = YES;
				GCC_C_LANGUAGE_STANDARD = gnu11;
				GCC_NO_COMMON_BLOCKS = YES;
				GCC_WARN_64_TO_32_BIT_CONVERSION = YES;
				GCC_WARN_ABOUT_RETURN_TYPE = YES_ERROR;
				GCC_WARN_UNDECLARED_SELECTOR = YES;
				GCC_WARN_UNINITIALIZED_AUTOS = YES_AGGRESSIVE;
				GCC_WARN_UNUSED_FUNCTION = YES;
				GCC_WARN_UNUSED_VARIABLE = YES;
				IPHONEOS_DEPLOYMENT_TARGET = 11.1;
				MTL_ENABLE_DEBUG_INFO = NO;
				SDKROOT = iphoneos;
				VALIDATE_PRODUCT = YES;
			};
			name = Release;
		};
		9A4861801FB3D7A70092AEA6 /* Debug */ = {
			isa = XCBuildConfiguration;
			baseConfigurationReference = 042DFB78C5CAB05232BAD28F /* Pods-StartWarsAPI.debug.xcconfig */;
			buildSettings = {
				ASSETCATALOG_COMPILER_APPICON_NAME = AppIcon;
				CODE_SIGN_STYLE = Automatic;
				INFOPLIST_FILE = StartWarsAPI/Info.plist;
				LD_RUNPATH_SEARCH_PATHS = "$(inherited) @executable_path/Frameworks";
				PRODUCT_BUNDLE_IDENTIFIER = com.lybby26.StartWarsAPI;
				PRODUCT_NAME = "$(TARGET_NAME)";
				TARGETED_DEVICE_FAMILY = "1,2";
			};
			name = Debug;
		};
		9A4861811FB3D7A70092AEA6 /* Release */ = {
			isa = XCBuildConfiguration;
			baseConfigurationReference = E7B4719D6D3EC5EB9216B00E /* Pods-StartWarsAPI.release.xcconfig */;
			buildSettings = {
				ASSETCATALOG_COMPILER_APPICON_NAME = AppIcon;
				CODE_SIGN_STYLE = Automatic;
				INFOPLIST_FILE = StartWarsAPI/Info.plist;
				LD_RUNPATH_SEARCH_PATHS = "$(inherited) @executable_path/Frameworks";
				PRODUCT_BUNDLE_IDENTIFIER = com.lybby26.StartWarsAPI;
				PRODUCT_NAME = "$(TARGET_NAME)";
				TARGETED_DEVICE_FAMILY = "1,2";
			};
			name = Release;
		};
/* End XCBuildConfiguration section */

/* Begin XCConfigurationList section */
		9A4861611FB3D7A60092AEA6 /* Build configuration list for PBXProject "StartWarsAPI" */ = {
			isa = XCConfigurationList;
			buildConfigurations = (
				9A48617D1FB3D7A70092AEA6 /* Debug */,
				9A48617E1FB3D7A70092AEA6 /* Release */,
			);
			defaultConfigurationIsVisible = 0;
			defaultConfigurationName = Release;
		};
		9A48617F1FB3D7A70092AEA6 /* Build configuration list for PBXNativeTarget "StartWarsAPI" */ = {
			isa = XCConfigurationList;
			buildConfigurations = (
				9A4861801FB3D7A70092AEA6 /* Debug */,
				9A4861811FB3D7A70092AEA6 /* Release */,
			);
			defaultConfigurationIsVisible = 0;
			defaultConfigurationName = Release;
		};
/* End XCConfigurationList section */

/* Begin XCVersionGroup section */
		9A4861721FB3D7A70092AEA6 /* StartWarsAPI.xcdatamodeld */ = {
			isa = XCVersionGroup;
			children = (
				9A4861731FB3D7A70092AEA6 /* StartWarsAPI.xcdatamodel */,
			);
			currentVersion = 9A4861731FB3D7A70092AEA6 /* StartWarsAPI.xcdatamodel */;
			path = StartWarsAPI.xcdatamodeld;
			sourceTree = "<group>";
			versionGroupType = wrapper.xcdatamodel;
		};
/* End XCVersionGroup section */
	};
	rootObject = 9A48615E1FB3D7A60092AEA6 /* Project object */;
}
